
Microsoft Visual Studio Solution File, Format Version 12.00
# Visual Studio Version 17
VisualStudioVersion = 17.0.31903.59
MinimumVisualStudioVersion = 10.0.40219.1
Project("{FAE04EC0-301F-11D3-BF4B-00C04F79EFBC}") = "RowdyBattery.Domain", "RowdyBattery.Domain\RowdyBattery.Domain.csproj", "{118D192C-4DBD-4687-AD49-D109FD48181F}"
EndProject
Project("{FAE04EC0-301F-11D3-BF4B-00C04F79EFBC}") = "RowdyBattery.Data", "RowdyBattery.Data\RowdyBattery.Data.csproj", "{A5091000-06C1-4AF3-BD81-1AFEB9B7CDCA}"
EndProject
Project("{FAE04EC0-301F-11D3-BF4B-00C04F79EFBC}") = "RowdyBattery.Api", "RowdyBattery.Api\RowdyBattery.Api.csproj", "{117B884C-F671-4F98-B0CE-592551DFF814}"
EndProject
Global
	GlobalSection(SolutionConfigurationPlatforms) = preSolution
		Debug|Any CPU = Debug|Any CPU
		Debug|x64 = Debug|x64
		Debug|x86 = Debug|x86
		Release|Any CPU = Release|Any CPU
		Release|x64 = Release|x64
		Release|x86 = Release|x86
	EndGlobalSection
	GlobalSection(ProjectConfigurationPlatforms) = postSolution
		{118D192C-4DBD-4687-AD49-D109FD48181F}.Debug|Any CPU.ActiveCfg = Debug|Any CPU
		{118D192C-4DBD-4687-AD49-D109FD48181F}.Debug|Any CPU.Build.0 = Debug|Any CPU
		{118D192C-4DBD-4687-AD49-D109FD48181F}.Debug|x64.ActiveCfg = Debug|Any CPU
		{118D192C-4DBD-4687-AD49-D109FD48181F}.Debug|x64.Build.0 = Debug|Any CPU
		{118D192C-4DBD-4687-AD49-D109FD48181F}.Debug|x86.ActiveCfg = Debug|Any CPU
		{118D192C-4DBD-4687-AD49-D109FD48181F}.Debug|x86.Build.0 = Debug|Any CPU
		{118D192C-4DBD-4687-AD49-D109FD48181F}.Release|Any CPU.ActiveCfg = Release|Any CPU
		{118D192C-4DBD-4687-AD49-D109FD48181F}.Release|Any CPU.Build.0 = Release|Any CPU
		{118D192C-4DBD-4687-AD49-D109FD48181F}.Release|x64.ActiveCfg = Release|Any CPU
		{118D192C-4DBD-4687-AD49-D109FD48181F}.Release|x64.Build.0 = Release|Any CPU
		{118D192C-4DBD-4687-AD49-D109FD48181F}.Release|x86.ActiveCfg = Release|Any CPU
		{118D192C-4DBD-4687-AD49-D109FD48181F}.Release|x86.Build.0 = Release|Any CPU
		{A5091000-06C1-4AF3-BD81-1AFEB9B7CDCA}.Debug|Any CPU.ActiveCfg = Debug|Any CPU
		{A5091000-06C1-4AF3-BD81-1AFEB9B7CDCA}.Debug|Any CPU.Build.0 = Debug|Any CPU
		{A5091000-06C1-4AF3-BD81-1AFEB9B7CDCA}.Debug|x64.ActiveCfg = Debug|Any CPU
		{A5091000-06C1-4AF3-BD81-1AFEB9B7CDCA}.Debug|x64.Build.0 = Debug|Any CPU
		{A5091000-06C1-4AF3-BD81-1AFEB9B7CDCA}.Debug|x86.ActiveCfg = Debug|Any CPU
		{A5091000-06C1-4AF3-BD81-1AFEB9B7CDCA}.Debug|x86.Build.0 = Debug|Any CPU
		{A5091000-06C1-4AF3-BD81-1AFEB9B7CDCA}.Release|Any CPU.ActiveCfg = Release|Any CPU
		{A5091000-06C1-4AF3-BD81-1AFEB9B7CDCA}.Release|Any CPU.Build.0 = Release|Any CPU
		{A5091000-06C1-4AF3-BD81-1AFEB9B7CDCA}.Release|x64.ActiveCfg = Release|Any CPU
		{A5091000-06C1-4AF3-BD81-1AFEB9B7CDCA}.Release|x64.Build.0 = Release|Any CPU
		{A5091000-06C1-4AF3-BD81-1AFEB9B7CDCA}.Release|x86.ActiveCfg = Release|Any CPU
		{A5091000-06C1-4AF3-BD81-1AFEB9B7CDCA}.Release|x86.Build.0 = Release|Any CPU
		{117B884C-F671-4F98-B0CE-592551DFF814}.Debug|Any CPU.ActiveCfg = Debug|Any CPU
		{117B884C-F671-4F98-B0CE-592551DFF814}.Debug|Any CPU.Build.0 = Debug|Any CPU
		{117B884C-F671-4F98-B0CE-592551DFF814}.Debug|x64.ActiveCfg = Debug|Any CPU
		{117B884C-F671-4F98-B0CE-592551DFF814}.Debug|x64.Build.0 = Debug|Any CPU
		{117B884C-F671-4F98-B0CE-592551DFF814}.Debug|x86.ActiveCfg = Debug|Any CPU
		{117B884C-F671-4F98-B0CE-592551DFF814}.Debug|x86.Build.0 = Debug|Any CPU
		{117B884C-F671-4F98-B0CE-592551DFF814}.Release|Any CPU.ActiveCfg = Release|Any CPU
		{117B884C-F671-4F98-B0CE-592551DFF814}.Release|Any CPU.Build.0 = Release|Any CPU
		{117B884C-F671-4F98-B0CE-592551DFF814}.Release|x64.ActiveCfg = Release|Any CPU
		{117B884C-F671-4F98-B0CE-592551DFF814}.Release|x64.Build.0 = Release|Any CPU
		{117B884C-F671-4F98-B0CE-592551DFF814}.Release|x86.ActiveCfg = Release|Any CPU
		{117B884C-F671-4F98-B0CE-592551DFF814}.Release|x86.Build.0 = Release|Any CPU
	EndGlobalSection
	GlobalSection(SolutionProperties) = preSolution
		HideSolutionNode = FALSE
	EndGlobalSection
EndGlobal
